
Microsoft Visual Studio Solution File, Format Version 12.00
# Visual Studio Version 17
VisualStudioVersion = 17.5.002.0
MinimumVisualStudioVersion = 10.0.40219.1
Project("{9A19103F-16F7-4668-BE54-9A1E7A4F7556}") = "SellX.API", "Backend\SellX.API\SellX.API.csproj", "{BB692F41-1B9F-479E-968D-262F8EFB3142}"
EndProject
Project("{9A19103F-16F7-4668-BE54-9A1E7A4F7556}") = "SellX.Application", "Backend\SellX.Application\SellX.Application.csproj", "{3F0B28BC-65D1-493D-9DDF-C54478734D4C}"
EndProject
Project("{9A19103F-16F7-4668-BE54-9A1E7A4F7556}") = "SellX.Domain", "Backend\SellX.Domain\SellX.Domain.csproj", "{7856E344-1C07-48DD-A141-48BBF796B331}"
EndProject
Project("{9A19103F-16F7-4668-BE54-9A1E7A4F7556}") = "SellX.Infrastructure", "Backend\SellX.Infrastructure\SellX.Infrastructure.csproj", "{27458150-CA22-4CC1-A433-D8AD4B812CD9}"
EndProject
Project("{2150E333-8FDC-42A3-9474-1A3956D46DE8}") = "Backend", "Backend", "{EC6349ED-432C-4683-A6F8-2ABDE806E871}"
EndProject
Project("{2150E333-8FDC-42A3-9474-1A3956D46DE8}") = "Frontend", "Frontend", "{1B5F8920-A383-4F31-9CAD-A581506755D7}"
EndProject
Project("{9A19103F-16F7-4668-BE54-9A1E7A4F7556}") = "SellX.Web", "Frontend\Web\SellX.Web\SellX.Web.csproj", "{3C5A1885-9844-47E9-A61C-F1A41C71DDBA}"
EndProject
Project("{9A19103F-16F7-4668-BE54-9A1E7A4F7556}") = "SellX.Web.Client", "Frontend\Web\SellX.Web.Client\SellX.Web.Client.csproj", "{7416BEE1-1EB1-402A-848B-81F8ECA48ECD}"
EndProject
Project("{2150E333-8FDC-42A3-9474-1A3956D46DE8}") = "Web", "Web", "{12BD3937-4067-4DDF-A221-C1237FC7331C}"
EndProject
Project("{2150E333-8FDC-42A3-9474-1A3956D46DE8}") = "MobileApp", "MobileApp", "{BE0BE412-989A-47D9-A31B-C7464D70C6A5}"
EndProject
Global
	GlobalSection(SolutionConfigurationPlatforms) = preSolution
		Debug|Any CPU = Debug|Any CPU
		Release|Any CPU = Release|Any CPU
	EndGlobalSection
	GlobalSection(ProjectConfigurationPlatforms) = postSolution
		{BB692F41-1B9F-479E-968D-262F8EFB3142}.Debug|Any CPU.ActiveCfg = Debug|Any CPU
		{BB692F41-1B9F-479E-968D-262F8EFB3142}.Debug|Any CPU.Build.0 = Debug|Any CPU
		{BB692F41-1B9F-479E-968D-262F8EFB3142}.Release|Any CPU.ActiveCfg = Release|Any CPU
		{BB692F41-1B9F-479E-968D-262F8EFB3142}.Release|Any CPU.Build.0 = Release|Any CPU
		{3F0B28BC-65D1-493D-9DDF-C54478734D4C}.Debug|Any CPU.ActiveCfg = Debug|Any CPU
		{3F0B28BC-65D1-493D-9DDF-C54478734D4C}.Debug|Any CPU.Build.0 = Debug|Any CPU
		{3F0B28BC-65D1-493D-9DDF-C54478734D4C}.Release|Any CPU.ActiveCfg = Release|Any CPU
		{3F0B28BC-65D1-493D-9DDF-C54478734D4C}.Release|Any CPU.Build.0 = Release|Any CPU
		{7856E344-1C07-48DD-A141-48BBF796B331}.Debug|Any CPU.ActiveCfg = Debug|Any CPU
		{7856E344-1C07-48DD-A141-48BBF796B331}.Debug|Any CPU.Build.0 = Debug|Any CPU
		{7856E344-1C07-48DD-A141-48BBF796B331}.Release|Any CPU.ActiveCfg = Release|Any CPU
		{7856E344-1C07-48DD-A141-48BBF796B331}.Release|Any CPU.Build.0 = Release|Any CPU
		{27458150-CA22-4CC1-A433-D8AD4B812CD9}.Debug|Any CPU.ActiveCfg = Debug|Any CPU
		{27458150-CA22-4CC1-A433-D8AD4B812CD9}.Debug|Any CPU.Build.0 = Debug|Any CPU
		{27458150-CA22-4CC1-A433-D8AD4B812CD9}.Release|Any CPU.ActiveCfg = Release|Any CPU
		{27458150-CA22-4CC1-A433-D8AD4B812CD9}.Release|Any CPU.Build.0 = Release|Any CPU
		{3C5A1885-9844-47E9-A61C-F1A41C71DDBA}.Debug|Any CPU.ActiveCfg = Debug|Any CPU
		{3C5A1885-9844-47E9-A61C-F1A41C71DDBA}.Debug|Any CPU.Build.0 = Debug|Any CPU
		{3C5A1885-9844-47E9-A61C-F1A41C71DDBA}.Release|Any CPU.ActiveCfg = Release|Any CPU
		{3C5A1885-9844-47E9-A61C-F1A41C71DDBA}.Release|Any CPU.Build.0 = Release|Any CPU
		{7416BEE1-1EB1-402A-848B-81F8ECA48ECD}.Debug|Any CPU.ActiveCfg = Debug|Any CPU
		{7416BEE1-1EB1-402A-848B-81F8ECA48ECD}.Debug|Any CPU.Build.0 = Debug|Any CPU
		{7416BEE1-1EB1-402A-848B-81F8ECA48ECD}.Release|Any CPU.ActiveCfg = Release|Any CPU
		{7416BEE1-1EB1-402A-848B-81F8ECA48ECD}.Release|Any CPU.Build.0 = Release|Any CPU
	EndGlobalSection
	GlobalSection(SolutionProperties) = preSolution
		HideSolutionNode = FALSE
	EndGlobalSection
	GlobalSection(NestedProjects) = preSolution
		{BB692F41-1B9F-479E-968D-262F8EFB3142} = {EC6349ED-432C-4683-A6F8-2ABDE806E871}
		{3F0B28BC-65D1-493D-9DDF-C54478734D4C} = {EC6349ED-432C-4683-A6F8-2ABDE806E871}
		{7856E344-1C07-48DD-A141-48BBF796B331} = {EC6349ED-432C-4683-A6F8-2ABDE806E871}
		{27458150-CA22-4CC1-A433-D8AD4B812CD9} = {EC6349ED-432C-4683-A6F8-2ABDE806E871}
		{3C5A1885-9844-47E9-A61C-F1A41C71DDBA} = {12BD3937-4067-4DDF-A221-C1237FC7331C}
		{7416BEE1-1EB1-402A-848B-81F8ECA48ECD} = {12BD3937-4067-4DDF-A221-C1237FC7331C}
		{12BD3937-4067-4DDF-A221-C1237FC7331C} = {1B5F8920-A383-4F31-9CAD-A581506755D7}
		{BE0BE412-989A-47D9-A31B-C7464D70C6A5} = {1B5F8920-A383-4F31-9CAD-A581506755D7}
	EndGlobalSection
	GlobalSection(ExtensibilityGlobals) = postSolution
		SolutionGuid = {333E9352-A046-4EAE-A771-95D14EFC532A}
	EndGlobalSection
EndGlobal
