
Microsoft Visual Studio Solution File, Format Version 12.00
# Visual Studio Version 17
VisualStudioVersion = 17.5.002.0
MinimumVisualStudioVersion = 10.0.40219.1
Project("{9A19103F-16F7-4668-BE54-9A1E7A4F7556}") = "SellX.API", "SellX.API\SellX.API.csproj", "{BB692F41-1B9F-479E-968D-262F8EFB3142}"
EndProject
Project("{9A19103F-16F7-4668-BE54-9A1E7A4F7556}") = "SellX.Application", "SellX.Application\SellX.Application.csproj", "{3F0B28BC-65D1-493D-9DDF-C54478734D4C}"
EndProject
Project("{9A19103F-16F7-4668-BE54-9A1E7A4F7556}") = "SellX.Domain", "SellX.Domain\SellX.Domain.csproj", "{7856E344-1C07-48DD-A141-48BBF796B331}"
EndProject
Project("{9A19103F-16F7-4668-BE54-9A1E7A4F7556}") = "SellX.Infrastructure", "SellX.Infrastructure\SellX.Infrastructure.csproj", "{27458150-CA22-4CC1-A433-D8AD4B812CD9}"
EndProject
Project("{9A19103F-16F7-4668-BE54-9A1E7A4F7556}") = "SellX.Web", "SellX.Web\SellX.Web.csproj", "{A02DFBF3-5356-4116-A2AB-8423AC21574C}"
EndProject
Global
	GlobalSection(SolutionConfigurationPlatforms) = preSolution
		Debug|Any CPU = Debug|Any CPU
		Release|Any CPU = Release|Any CPU
	EndGlobalSection
	GlobalSection(ProjectConfigurationPlatforms) = postSolution
		{BB692F41-1B9F-479E-968D-262F8EFB3142}.Debug|Any CPU.ActiveCfg = Debug|Any CPU
		{BB692F41-1B9F-479E-968D-262F8EFB3142}.Debug|Any CPU.Build.0 = Debug|Any CPU
		{BB692F41-1B9F-479E-968D-262F8EFB3142}.Release|Any CPU.ActiveCfg = Release|Any CPU
		{BB692F41-1B9F-479E-968D-262F8EFB3142}.Release|Any CPU.Build.0 = Release|Any CPU
		{3F0B28BC-65D1-493D-9DDF-C54478734D4C}.Debug|Any CPU.ActiveCfg = Debug|Any CPU
		{3F0B28BC-65D1-493D-9DDF-C54478734D4C}.Debug|Any CPU.Build.0 = Debug|Any CPU
		{3F0B28BC-65D1-493D-9DDF-C54478734D4C}.Release|Any CPU.ActiveCfg = Release|Any CPU
		{3F0B28BC-65D1-493D-9DDF-C54478734D4C}.Release|Any CPU.Build.0 = Release|Any CPU
		{7856E344-1C07-48DD-A141-48BBF796B331}.Debug|Any CPU.ActiveCfg = Debug|Any CPU
		{7856E344-1C07-48DD-A141-48BBF796B331}.Debug|Any CPU.Build.0 = Debug|Any CPU
		{7856E344-1C07-48DD-A141-48BBF796B331}.Release|Any CPU.ActiveCfg = Release|Any CPU
		{7856E344-1C07-48DD-A141-48BBF796B331}.Release|Any CPU.Build.0 = Release|Any CPU
		{27458150-CA22-4CC1-A433-D8AD4B812CD9}.Debug|Any CPU.ActiveCfg = Debug|Any CPU
		{27458150-CA22-4CC1-A433-D8AD4B812CD9}.Debug|Any CPU.Build.0 = Debug|Any CPU
		{27458150-CA22-4CC1-A433-D8AD4B812CD9}.Release|Any CPU.ActiveCfg = Release|Any CPU
		{27458150-CA22-4CC1-A433-D8AD4B812CD9}.Release|Any CPU.Build.0 = Release|Any CPU
		{A02DFBF3-5356-4116-A2AB-8423AC21574C}.Debug|Any CPU.ActiveCfg = Debug|Any CPU
		{A02DFBF3-5356-4116-A2AB-8423AC21574C}.Debug|Any CPU.Build.0 = Debug|Any CPU
		{A02DFBF3-5356-4116-A2AB-8423AC21574C}.Release|Any CPU.ActiveCfg = Release|Any CPU
		{A02DFBF3-5356-4116-A2AB-8423AC21574C}.Release|Any CPU.Build.0 = Release|Any CPU
	EndGlobalSection
	GlobalSection(SolutionProperties) = preSolution
		HideSolutionNode = FALSE
	EndGlobalSection
	GlobalSection(ExtensibilityGlobals) = postSolution
		SolutionGuid = {333E9352-A046-4EAE-A771-95D14EFC532A}
	EndGlobalSection
EndGlobal
